
Microsoft Visual Studio Solution File, Format Version 12.00
# Visual Studio Version 17
VisualStudioVersion = 17.9.34310.174
MinimumVisualStudioVersion = 10.0.40219.1
Project("{FAE04EC0-301F-11D3-BF4B-00C04F79EFBC}") = "webFerum", "webFerum.csproj", "{381EE886-4C60-44EE-A7C1-DC987B946C16}"
EndProject
Global
	GlobalSection(SolutionConfigurationPlatforms) = preSolution
		Debug|Any CPU = Debug|Any CPU
		Release|Any CPU = Release|Any CPU
	EndGlobalSection
	GlobalSection(ProjectConfigurationPlatforms) = postSolution
		{381EE886-4C60-44EE-A7C1-DC987B946C16}.Debug|Any CPU.ActiveCfg = Debug|Any CPU
		{381EE886-4C60-44EE-A7C1-DC987B946C16}.Debug|Any CPU.Build.0 = Debug|Any CPU
		{381EE886-4C60-44EE-A7C1-DC987B946C16}.Release|Any CPU.ActiveCfg = Release|Any CPU
		{381EE886-4C60-44EE-A7C1-DC987B946C16}.Release|Any CPU.Build.0 = Release|Any CPU
	EndGlobalSection
	GlobalSection(SolutionProperties) = preSolution
		HideSolutionNode = FALSE
	EndGlobalSection
	GlobalSection(ExtensibilityGlobals) = postSolution
		SolutionGuid = {0FB2DDC9-88CD-4B8B-97FA-F86D88875A78}
	EndGlobalSection
EndGlobal
